
Microsoft Visual Studio Solution File, Format Version 12.00
# Visual Studio Version 17
VisualStudioVersion = 17.0.31903.59
MinimumVisualStudioVersion = 10.0.40219.1
Project("{FAE04EC0-301F-11D3-BF4B-00C04F79EFBC}") = "ArticleService", "ArticleService\ArticleService.csproj", "{A1B2C3D4-E5F6-7890-ABCD-EF1234567890}"
EndProject
Project("{FAE04EC0-301F-11D3-BF4B-00C04F79EFBC}") = "Common.Shared", "Common.Shared\Common.Shared.csproj", "{BE6510A3-FAC9-4D8F-A528-0F4DC15CEBEF}"
EndProject
Project("{FAE04EC0-301F-11D3-BF4B-00C04F79EFBC}") = "ProfanityService", "ProfanityService\ProfanityService.csproj", "{C2D3E4F5-A6B7-8901-CDEF-234567890ABC}"
EndProject
Project("{FAE04EC0-301F-11D3-BF4B-00C04F79EFBC}") = "CommentService", "CommentService\CommentService.csproj", "{D3E4F5A6-B7C8-9012-DEFA-34567890ABCD}"
EndProject
Project("{FAE04EC0-301F-11D3-BF4B-00C04F79EFBC}") = "DraftService", "DraftService\DraftService.csproj", "{E4F5A6B7-C8D9-0123-EFAB-4567890ABCDE}"
EndProject
Project("{FAE04EC0-301F-11D3-BF4B-00C04F79EFBC}") = "PublisherService", "PublisherService\PublisherService.csproj", "{F5A6B7C8-D9E0-1234-FABC-567890ABCDEF}"
EndProject
Project("{FAE04EC0-301F-11D3-BF4B-00C04F79EFBC}") = "NewsletterService", "NewsletterService\NewsletterService.csproj", "{A6B7C8D9-E0F1-2345-ABCD-67890ABCDEFA}"
EndProject
Project("{FAE04EC0-301F-11D3-BF4B-00C04F79EFBC}") = "SubscriberService", "SubscriberService\SubscriberService.csproj", "{B7C8D9E0-F102-3456-BCDE-7890ABCDEFAB}"
EndProject
Global
	GlobalSection(SolutionConfigurationPlatforms) = preSolution
		Debug|Any CPU = Debug|Any CPU
		Release|Any CPU = Release|Any CPU
	EndGlobalSection
	GlobalSection(ProjectConfigurationPlatforms) = postSolution
		{A1B2C3D4-E5F6-7890-ABCD-EF1234567890}.Debug|Any CPU.ActiveCfg = Debug|Any CPU
		{A1B2C3D4-E5F6-7890-ABCD-EF1234567890}.Debug|Any CPU.Build.0 = Debug|Any CPU
		{A1B2C3D4-E5F6-7890-ABCD-EF1234567890}.Release|Any CPU.ActiveCfg = Release|Any CPU
		{A1B2C3D4-E5F6-7890-ABCD-EF1234567890}.Release|Any CPU.Build.0 = Release|Any CPU
		{BE6510A3-FAC9-4D8F-A528-0F4DC15CEBEF}.Debug|Any CPU.ActiveCfg = Debug|Any CPU
		{BE6510A3-FAC9-4D8F-A528-0F4DC15CEBEF}.Debug|Any CPU.Build.0 = Debug|Any CPU
		{BE6510A3-FAC9-4D8F-A528-0F4DC15CEBEF}.Release|Any CPU.ActiveCfg = Release|Any CPU
		{BE6510A3-FAC9-4D8F-A528-0F4DC15CEBEF}.Release|Any CPU.Build.0 = Release|Any CPU
		{C2D3E4F5-A6B7-8901-CDEF-234567890ABC}.Debug|Any CPU.ActiveCfg = Debug|Any CPU
		{C2D3E4F5-A6B7-8901-CDEF-234567890ABC}.Debug|Any CPU.Build.0 = Debug|Any CPU
		{C2D3E4F5-A6B7-8901-CDEF-234567890ABC}.Release|Any CPU.ActiveCfg = Release|Any CPU
		{C2D3E4F5-A6B7-8901-CDEF-234567890ABC}.Release|Any CPU.Build.0 = Release|Any CPU
		{D3E4F5A6-B7C8-9012-DEFA-34567890ABCD}.Debug|Any CPU.ActiveCfg = Debug|Any CPU
		{D3E4F5A6-B7C8-9012-DEFA-34567890ABCD}.Debug|Any CPU.Build.0 = Debug|Any CPU
		{D3E4F5A6-B7C8-9012-DEFA-34567890ABCD}.Release|Any CPU.ActiveCfg = Release|Any CPU
		{D3E4F5A6-B7C8-9012-DEFA-34567890ABCD}.Release|Any CPU.Build.0 = Release|Any CPU
		{E4F5A6B7-C8D9-0123-EFAB-4567890ABCDE}.Debug|Any CPU.ActiveCfg = Debug|Any CPU
		{E4F5A6B7-C8D9-0123-EFAB-4567890ABCDE}.Debug|Any CPU.Build.0 = Debug|Any CPU
		{E4F5A6B7-C8D9-0123-EFAB-4567890ABCDE}.Release|Any CPU.ActiveCfg = Release|Any CPU
		{E4F5A6B7-C8D9-0123-EFAB-4567890ABCDE}.Release|Any CPU.Build.0 = Release|Any CPU
		{F5A6B7C8-D9E0-1234-FABC-567890ABCDEF}.Debug|Any CPU.ActiveCfg = Debug|Any CPU
		{F5A6B7C8-D9E0-1234-FABC-567890ABCDEF}.Debug|Any CPU.Build.0 = Debug|Any CPU
		{F5A6B7C8-D9E0-1234-FABC-567890ABCDEF}.Release|Any CPU.ActiveCfg = Release|Any CPU
		{F5A6B7C8-D9E0-1234-FABC-567890ABCDEF}.Release|Any CPU.Build.0 = Release|Any CPU
		{A6B7C8D9-E0F1-2345-ABCD-67890ABCDEFA}.Debug|Any CPU.ActiveCfg = Debug|Any CPU
		{A6B7C8D9-E0F1-2345-ABCD-67890ABCDEFA}.Debug|Any CPU.Build.0 = Debug|Any CPU
		{A6B7C8D9-E0F1-2345-ABCD-67890ABCDEFA}.Release|Any CPU.ActiveCfg = Release|Any CPU
		{A6B7C8D9-E0F1-2345-ABCD-67890ABCDEFA}.Release|Any CPU.Build.0 = Release|Any CPU
		{B7C8D9E0-F102-3456-BCDE-7890ABCDEFAB}.Debug|Any CPU.ActiveCfg = Debug|Any CPU
		{B7C8D9E0-F102-3456-BCDE-7890ABCDEFAB}.Debug|Any CPU.Build.0 = Debug|Any CPU
		{B7C8D9E0-F102-3456-BCDE-7890ABCDEFAB}.Release|Any CPU.ActiveCfg = Release|Any CPU
		{B7C8D9E0-F102-3456-BCDE-7890ABCDEFAB}.Release|Any CPU.Build.0 = Release|Any CPU
	EndGlobalSection
EndGlobal
